// !$*UTF8*$!
{
	archiveVersion = 1;
	classes = {
	};
	objectVersion = 48;
	objects = {

/* Begin PBXBuildFile section */
		AEEC85651F18B8C600D43B9B /* AppDelegate.swift in Sources */ = {isa = PBXBuildFile; fileRef = AEEC85641F18B8C600D43B9B /* AppDelegate.swift */; };
		AEEC85691F18B8C600D43B9B /* ViewController.swift in Sources */ = {isa = PBXBuildFile; fileRef = AEEC85681F18B8C600D43B9B /* ViewController.swift */; };
		AEEC856C1F18B8C600D43B9B /* Main.storyboard in Resources */ = {isa = PBXBuildFile; fileRef = AEEC856A1F18B8C600D43B9B /* Main.storyboard */; };
		AEEC856E1F18B8C600D43B9B /* Assets.xcassets in Resources */ = {isa = PBXBuildFile; fileRef = AEEC856D1F18B8C600D43B9B /* Assets.xcassets */; };
		AEEC85711F18B8C600D43B9B /* LaunchScreen.storyboard in Resources */ = {isa = PBXBuildFile; fileRef = AEEC856F1F18B8C600D43B9B /* LaunchScreen.storyboard */; };
		E5383B391FD3FD4000E7F9E3 /* RoundedShadowButton.swift in Sources */ = {isa = PBXBuildFile; fileRef = E5383B361FD3FD3F00E7F9E3 /* RoundedShadowButton.swift */; };
		E5383B3A1FD3FD4000E7F9E3 /* RoundedShadowImageView.swift in Sources */ = {isa = PBXBuildFile; fileRef = E5383B371FD3FD4000E7F9E3 /* RoundedShadowImageView.swift */; };
		E5383B3B1FD3FD4000E7F9E3 /* RoundedShadowView.swift in Sources */ = {isa = PBXBuildFile; fileRef = E5383B381FD3FD4000E7F9E3 /* RoundedShadowView.swift */; };
		E5383B3D1FD3FD4A00E7F9E3 /* CameraVC.swift in Sources */ = {isa = PBXBuildFile; fileRef = E5383B3C1FD3FD4A00E7F9E3 /* CameraVC.swift */; };
		E5383B3F1FD3FD5400E7F9E3 /* WizardVC.swift in Sources */ = {isa = PBXBuildFile; fileRef = E5383B3E1FD3FD5300E7F9E3 /* WizardVC.swift */; };
		E5383B441FD41AB700E7F9E3 /* Inceptionv3.mlmodel in Sources */ = {isa = PBXBuildFile; fileRef = E5383B431FD41AB700E7F9E3 /* Inceptionv3.mlmodel */; };
		E5383B591FD4263300E7F9E3 /* MainVC.swift in Sources */ = {isa = PBXBuildFile; fileRef = E5383B581FD4263300E7F9E3 /* MainVC.swift */; };
		E5383B5E1FD4264C00E7F9E3 /* GalleryCell.swift in Sources */ = {isa = PBXBuildFile; fileRef = E5383B5A1FD4264B00E7F9E3 /* GalleryCell.swift */; };
		E5383B5F1FD4264C00E7F9E3 /* GalleryDetailVC.swift in Sources */ = {isa = PBXBuildFile; fileRef = E5383B5B1FD4264B00E7F9E3 /* GalleryDetailVC.swift */; };
		E5383B601FD4264C00E7F9E3 /* GalleryVC.swift in Sources */ = {isa = PBXBuildFile; fileRef = E5383B5C1FD4264B00E7F9E3 /* GalleryVC.swift */; };
		E5383B611FD4264C00E7F9E3 /* GalleryDetailCell.swift in Sources */ = {isa = PBXBuildFile; fileRef = E5383B5D1FD4264B00E7F9E3 /* GalleryDetailCell.swift */; };
		E5383B631FD4265800E7F9E3 /* InfoVC.swift in Sources */ = {isa = PBXBuildFile; fileRef = E5383B621FD4265800E7F9E3 /* InfoVC.swift */; };
		E5383B661FD4267100E7F9E3 /* CustomAddObjectCell.swift in Sources */ = {isa = PBXBuildFile; fileRef = E5383B641FD4267100E7F9E3 /* CustomAddObjectCell.swift */; };
		E5383B671FD4267100E7F9E3 /* LoadVirtualObjectsVC.swift in Sources */ = {isa = PBXBuildFile; fileRef = E5383B651FD4267100E7F9E3 /* LoadVirtualObjectsVC.swift */; };
		E5383B691FD4267B00E7F9E3 /* SettingsViewController.swift in Sources */ = {isa = PBXBuildFile; fileRef = E5383B681FD4267B00E7F9E3 /* SettingsViewController.swift */; };
		E5383B6D1FD4269000E7F9E3 /* info.html in Resources */ = {isa = PBXBuildFile; fileRef = E5383B6A1FD4269000E7F9E3 /* info.html */; };
		E5383B6E1FD4269000E7F9E3 /* Assets.xcassets in Resources */ = {isa = PBXBuildFile; fileRef = E5383B6B1FD4269000E7F9E3 /* Assets.xcassets */; };
		E5383B6F1FD4269000E7F9E3 /* Models.scnassets in Resources */ = {isa = PBXBuildFile; fileRef = E5383B6C1FD4269000E7F9E3 /* Models.scnassets */; };
		E5383B751FD4269D00E7F9E3 /* HitTestVisualization.swift in Sources */ = {isa = PBXBuildFile; fileRef = E5383B701FD4269D00E7F9E3 /* HitTestVisualization.swift */; };
		E5383B761FD4269D00E7F9E3 /* PlaneDebugVisualization.swift in Sources */ = {isa = PBXBuildFile; fileRef = E5383B711FD4269D00E7F9E3 /* PlaneDebugVisualization.swift */; };
		E5383B771FD4269D00E7F9E3 /* FocusSquare.swift in Sources */ = {isa = PBXBuildFile; fileRef = E5383B721FD4269D00E7F9E3 /* FocusSquare.swift */; };
		E5383B781FD4269D00E7F9E3 /* Plane.swift in Sources */ = {isa = PBXBuildFile; fileRef = E5383B731FD4269D00E7F9E3 /* Plane.swift */; };
		E5383B791FD4269D00E7F9E3 /* Gesture.swift in Sources */ = {isa = PBXBuildFile; fileRef = E5383B741FD4269D00E7F9E3 /* Gesture.swift */; };
		E5383B801FD426AA00E7F9E3 /* ARCameraTrackingState.swift in Sources */ = {isa = PBXBuildFile; fileRef = E5383B7A1FD426AA00E7F9E3 /* ARCameraTrackingState.swift */; };
		E5383B811FD426AA00E7F9E3 /* Helper.swift in Sources */ = {isa = PBXBuildFile; fileRef = E5383B7B1FD426AA00E7F9E3 /* Helper.swift */; };
		E5383B821FD426AA00E7F9E3 /* Constant.swift in Sources */ = {isa = PBXBuildFile; fileRef = E5383B7C1FD426AA00E7F9E3 /* Constant.swift */; };
		E5383B831FD426AA00E7F9E3 /* VirtualModels.swift in Sources */ = {isa = PBXBuildFile; fileRef = E5383B7D1FD426AA00E7F9E3 /* VirtualModels.swift */; };
		E5383B841FD426AA00E7F9E3 /* TextManager.swift in Sources */ = {isa = PBXBuildFile; fileRef = E5383B7E1FD426AA00E7F9E3 /* TextManager.swift */; };
		E5383B851FD426AA00E7F9E3 /* Utility.swift in Sources */ = {isa = PBXBuildFile; fileRef = E5383B7F1FD426AA00E7F9E3 /* Utility.swift */; };
		E53DC1991FDB06DB0095847D /* SqueezeNet.mlmodel in Sources */ = {isa = PBXBuildFile; fileRef = E53DC1981FDB06DB0095847D /* SqueezeNet.mlmodel */; };
/* End PBXBuildFile section */

/* Begin PBXFileReference section */
		AEEC85611F18B8C600D43B9B /* Assistance App.app */ = {isa = PBXFileReference; explicitFileType = wrapper.application; includeInIndex = 0; path = "Assistance App.app"; sourceTree = BUILT_PRODUCTS_DIR; };
		AEEC85641F18B8C600D43B9B /* AppDelegate.swift */ = {isa = PBXFileReference; lastKnownFileType = sourcecode.swift; path = AppDelegate.swift; sourceTree = "<group>"; };
		AEEC85681F18B8C600D43B9B /* ViewController.swift */ = {isa = PBXFileReference; lastKnownFileType = sourcecode.swift; path = ViewController.swift; sourceTree = "<group>"; };
		AEEC856B1F18B8C600D43B9B /* Base */ = {isa = PBXFileReference; lastKnownFileType = file.storyboard; name = Base; path = Base.lproj/Main.storyboard; sourceTree = "<group>"; };
		AEEC856D1F18B8C600D43B9B /* Assets.xcassets */ = {isa = PBXFileReference; lastKnownFileType = folder.assetcatalog; path = Assets.xcassets; sourceTree = "<group>"; };
		AEEC85701F18B8C600D43B9B /* Base */ = {isa = PBXFileReference; lastKnownFileType = file.storyboard; name = Base; path = Base.lproj/LaunchScreen.storyboard; sourceTree = "<group>"; };
		AEEC85721F18B8C600D43B9B /* Info.plist */ = {isa = PBXFileReference; lastKnownFileType = text.plist.xml; path = Info.plist; sourceTree = "<group>"; };
		E5383B361FD3FD3F00E7F9E3 /* RoundedShadowButton.swift */ = {isa = PBXFileReference; fileEncoding = 4; lastKnownFileType = sourcecode.swift; path = RoundedShadowButton.swift; sourceTree = "<group>"; };
		E5383B371FD3FD4000E7F9E3 /* RoundedShadowImageView.swift */ = {isa = PBXFileReference; fileEncoding = 4; lastKnownFileType = sourcecode.swift; path = RoundedShadowImageView.swift; sourceTree = "<group>"; };
		E5383B381FD3FD4000E7F9E3 /* RoundedShadowView.swift */ = {isa = PBXFileReference; fileEncoding = 4; lastKnownFileType = sourcecode.swift; path = RoundedShadowView.swift; sourceTree = "<group>"; };
		E5383B3C1FD3FD4A00E7F9E3 /* CameraVC.swift */ = {isa = PBXFileReference; fileEncoding = 4; lastKnownFileType = sourcecode.swift; path = CameraVC.swift; sourceTree = "<group>"; };
		E5383B3E1FD3FD5300E7F9E3 /* WizardVC.swift */ = {isa = PBXFileReference; fileEncoding = 4; lastKnownFileType = sourcecode.swift; path = WizardVC.swift; sourceTree = "<group>"; };
		E5383B431FD41AB700E7F9E3 /* Inceptionv3.mlmodel */ = {isa = PBXFileReference; lastKnownFileType = file.mlmodel; path = Inceptionv3.mlmodel; sourceTree = "<group>"; };
		E5383B581FD4263300E7F9E3 /* MainVC.swift */ = {isa = PBXFileReference; fileEncoding = 4; lastKnownFileType = sourcecode.swift; path = MainVC.swift; sourceTree = "<group>"; };
		E5383B5A1FD4264B00E7F9E3 /* GalleryCell.swift */ = {isa = PBXFileReference; fileEncoding = 4; lastKnownFileType = sourcecode.swift; path = GalleryCell.swift; sourceTree = "<group>"; };
		E5383B5B1FD4264B00E7F9E3 /* GalleryDetailVC.swift */ = {isa = PBXFileReference; fileEncoding = 4; lastKnownFileType = sourcecode.swift; path = GalleryDetailVC.swift; sourceTree = "<group>"; };
		E5383B5C1FD4264B00E7F9E3 /* GalleryVC.swift */ = {isa = PBXFileReference; fileEncoding = 4; lastKnownFileType = sourcecode.swift; path = GalleryVC.swift; sourceTree = "<group>"; };
		E5383B5D1FD4264B00E7F9E3 /* GalleryDetailCell.swift */ = {isa = PBXFileReference; fileEncoding = 4; lastKnownFileType = sourcecode.swift; path = GalleryDetailCell.swift; sourceTree = "<group>"; };
		E5383B621FD4265800E7F9E3 /* InfoVC.swift */ = {isa = PBXFileReference; fileEncoding = 4; lastKnownFileType = sourcecode.swift; path = InfoVC.swift; sourceTree = "<group>"; };
		E5383B641FD4267100E7F9E3 /* CustomAddObjectCell.swift */ = {isa = PBXFileReference; fileEncoding = 4; lastKnownFileType = sourcecode.swift; path = CustomAddObjectCell.swift; sourceTree = "<group>"; };
		E5383B651FD4267100E7F9E3 /* LoadVirtualObjectsVC.swift */ = {isa = PBXFileReference; fileEncoding = 4; lastKnownFileType = sourcecode.swift; path = LoadVirtualObjectsVC.swift; sourceTree = "<group>"; };
		E5383B681FD4267B00E7F9E3 /* SettingsViewController.swift */ = {isa = PBXFileReference; fileEncoding = 4; lastKnownFileType = sourcecode.swift; path = SettingsViewController.swift; sourceTree = "<group>"; };
		E5383B6A1FD4269000E7F9E3 /* info.html */ = {isa = PBXFileReference; fileEncoding = 4; lastKnownFileType = text.html; path = info.html; sourceTree = "<group>"; };
		E5383B6B1FD4269000E7F9E3 /* Assets.xcassets */ = {isa = PBXFileReference; lastKnownFileType = folder.assetcatalog; path = Assets.xcassets; sourceTree = "<group>"; };
		E5383B6C1FD4269000E7F9E3 /* Models.scnassets */ = {isa = PBXFileReference; lastKnownFileType = wrapper.scnassets; path = Models.scnassets; sourceTree = "<group>"; };
		E5383B701FD4269D00E7F9E3 /* HitTestVisualization.swift */ = {isa = PBXFileReference; fileEncoding = 4; lastKnownFileType = sourcecode.swift; path = HitTestVisualization.swift; sourceTree = "<group>"; };
		E5383B711FD4269D00E7F9E3 /* PlaneDebugVisualization.swift */ = {isa = PBXFileReference; fileEncoding = 4; lastKnownFileType = sourcecode.swift; path = PlaneDebugVisualization.swift; sourceTree = "<group>"; };
		E5383B721FD4269D00E7F9E3 /* FocusSquare.swift */ = {isa = PBXFileReference; fileEncoding = 4; lastKnownFileType = sourcecode.swift; path = FocusSquare.swift; sourceTree = "<group>"; };
		E5383B731FD4269D00E7F9E3 /* Plane.swift */ = {isa = PBXFileReference; fileEncoding = 4; lastKnownFileType = sourcecode.swift; path = Plane.swift; sourceTree = "<group>"; };
		E5383B741FD4269D00E7F9E3 /* Gesture.swift */ = {isa = PBXFileReference; fileEncoding = 4; lastKnownFileType = sourcecode.swift; path = Gesture.swift; sourceTree = "<group>"; };
		E5383B7A1FD426AA00E7F9E3 /* ARCameraTrackingState.swift */ = {isa = PBXFileReference; fileEncoding = 4; lastKnownFileType = sourcecode.swift; path = ARCameraTrackingState.swift; sourceTree = "<group>"; };
		E5383B7B1FD426AA00E7F9E3 /* Helper.swift */ = {isa = PBXFileReference; fileEncoding = 4; lastKnownFileType = sourcecode.swift; path = Helper.swift; sourceTree = "<group>"; };
		E5383B7C1FD426AA00E7F9E3 /* Constant.swift */ = {isa = PBXFileReference; fileEncoding = 4; lastKnownFileType = sourcecode.swift; path = Constant.swift; sourceTree = "<group>"; };
		E5383B7D1FD426AA00E7F9E3 /* VirtualModels.swift */ = {isa = PBXFileReference; fileEncoding = 4; lastKnownFileType = sourcecode.swift; path = VirtualModels.swift; sourceTree = "<group>"; };
		E5383B7E1FD426AA00E7F9E3 /* TextManager.swift */ = {isa = PBXFileReference; fileEncoding = 4; lastKnownFileType = sourcecode.swift; path = TextManager.swift; sourceTree = "<group>"; };
		E5383B7F1FD426AA00E7F9E3 /* Utility.swift */ = {isa = PBXFileReference; fileEncoding = 4; lastKnownFileType = sourcecode.swift; path = Utility.swift; sourceTree = "<group>"; };
		E53DC1981FDB06DB0095847D /* SqueezeNet.mlmodel */ = {isa = PBXFileReference; lastKnownFileType = file.mlmodel; name = SqueezeNet.mlmodel; path = ../../../../../../Downloads/SqueezeNet.mlmodel; sourceTree = "<group>"; };
/* End PBXFileReference section */

/* Begin PBXFrameworksBuildPhase section */
		AEEC855E1F18B8C600D43B9B /* Frameworks */ = {
			isa = PBXFrameworksBuildPhase;
			buildActionMask = 2147483647;
			files = (
			);
			runOnlyForDeploymentPostprocessing = 0;
		};
/* End PBXFrameworksBuildPhase section */

/* Begin PBXGroup section */
		AEEC85581F18B8C600D43B9B = {
			isa = PBXGroup;
			children = (
				AEEC85631F18B8C600D43B9B /* Assistance App */,
				AEEC85621F18B8C600D43B9B /* Products */,
			);
			sourceTree = "<group>";
		};
		AEEC85621F18B8C600D43B9B /* Products */ = {
			isa = PBXGroup;
			children = (
				AEEC85611F18B8C600D43B9B /* Assistance App.app */,
			);
			name = Products;
			sourceTree = "<group>";
		};
		AEEC85631F18B8C600D43B9B /* Assistance App */ = {
			isa = PBXGroup;
			children = (
				E5383B571FD421BD00E7F9E3 /* DetectionML */,
				E5383B561FD4216D00E7F9E3 /* DetectionMLandAR */,
				E5383B551FD4214900E7F9E3 /* DecorAR */,
				AEEC85641F18B8C600D43B9B /* AppDelegate.swift */,
				AEEC856A1F18B8C600D43B9B /* Main.storyboard */,
				AEEC856D1F18B8C600D43B9B /* Assets.xcassets */,
				AEEC856F1F18B8C600D43B9B /* LaunchScreen.storyboard */,
				AEEC85721F18B8C600D43B9B /* Info.plist */,
			);
			path = "Assistance App";
			sourceTree = "<group>";
		};
		E5383B551FD4214900E7F9E3 /* DecorAR */ = {
			isa = PBXGroup;
			children = (
				E5383B5A1FD4264B00E7F9E3 /* GalleryCell.swift */,
				E5383B621FD4265800E7F9E3 /* InfoVC.swift */,
				E5383B5D1FD4264B00E7F9E3 /* GalleryDetailCell.swift */,
				E5383B5B1FD4264B00E7F9E3 /* GalleryDetailVC.swift */,
				E5383B681FD4267B00E7F9E3 /* SettingsViewController.swift */,
				E5383B641FD4267100E7F9E3 /* CustomAddObjectCell.swift */,
				E5383B721FD4269D00E7F9E3 /* FocusSquare.swift */,
				E5383B741FD4269D00E7F9E3 /* Gesture.swift */,
				E5383B7A1FD426AA00E7F9E3 /* ARCameraTrackingState.swift */,
				E5383B7C1FD426AA00E7F9E3 /* Constant.swift */,
				E5383B7B1FD426AA00E7F9E3 /* Helper.swift */,
				E5383B7E1FD426AA00E7F9E3 /* TextManager.swift */,
				E5383B7F1FD426AA00E7F9E3 /* Utility.swift */,
				E5383B7D1FD426AA00E7F9E3 /* VirtualModels.swift */,
				E5383B701FD4269D00E7F9E3 /* HitTestVisualization.swift */,
				E5383B731FD4269D00E7F9E3 /* Plane.swift */,
				E5383B711FD4269D00E7F9E3 /* PlaneDebugVisualization.swift */,
				E5383B6B1FD4269000E7F9E3 /* Assets.xcassets */,
				E5383B6A1FD4269000E7F9E3 /* info.html */,
				E5383B6C1FD4269000E7F9E3 /* Models.scnassets */,
				E5383B651FD4267100E7F9E3 /* LoadVirtualObjectsVC.swift */,
				E5383B5C1FD4264B00E7F9E3 /* GalleryVC.swift */,
				E5383B581FD4263300E7F9E3 /* MainVC.swift */,
			);
			path = DecorAR;
			sourceTree = "<group>";
		};
		E5383B561FD4216D00E7F9E3 /* DetectionMLandAR */ = {
			isa = PBXGroup;
			children = (
				E5383B431FD41AB700E7F9E3 /* Inceptionv3.mlmodel */,
				AEEC85681F18B8C600D43B9B /* ViewController.swift */,
			);
			path = DetectionMLandAR;
			sourceTree = "<group>";
		};
		E5383B571FD421BD00E7F9E3 /* DetectionML */ = {
			isa = PBXGroup;
			children = (
				E5383B361FD3FD3F00E7F9E3 /* RoundedShadowButton.swift */,
				E53DC1981FDB06DB0095847D /* SqueezeNet.mlmodel */,
				E5383B371FD3FD4000E7F9E3 /* RoundedShadowImageView.swift */,
				E5383B3C1FD3FD4A00E7F9E3 /* CameraVC.swift */,
				E5383B3E1FD3FD5300E7F9E3 /* WizardVC.swift */,
				E5383B381FD3FD4000E7F9E3 /* RoundedShadowView.swift */,
			);
			path = DetectionML;
			sourceTree = "<group>";
		};
/* End PBXGroup section */

/* Begin PBXNativeTarget section */
		AEEC85601F18B8C600D43B9B /* Assistance App */ = {
			isa = PBXNativeTarget;
			buildConfigurationList = AEEC85751F18B8C600D43B9B /* Build configuration list for PBXNativeTarget "Assistance App" */;
			buildPhases = (
				AEEC855D1F18B8C600D43B9B /* Sources */,
				AEEC855E1F18B8C600D43B9B /* Frameworks */,
				AEEC855F1F18B8C600D43B9B /* Resources */,
			);
			buildRules = (
			);
			dependencies = (
			);
			name = "Assistance App";
			productName = "CoreML in ARKit";
			productReference = AEEC85611F18B8C600D43B9B /* Assistance App.app */;
			productType = "com.apple.product-type.application";
		};
/* End PBXNativeTarget section */

/* Begin PBXProject section */
		AEEC85591F18B8C600D43B9B /* Project object */ = {
			isa = PBXProject;
			attributes = {
				LastSwiftUpdateCheck = 0900;
				LastUpgradeCheck = 0900;
				ORGANIZATIONNAME = Aparajita;
				TargetAttributes = {
					AEEC85601F18B8C600D43B9B = {
						CreatedOnToolsVersion = 9.0;
						ProvisioningStyle = Automatic;
					};
				};
			};
			buildConfigurationList = AEEC855C1F18B8C600D43B9B /* Build configuration list for PBXProject "Assistance App" */;
			compatibilityVersion = "Xcode 8.0";
			developmentRegion = en;
			hasScannedForEncodings = 0;
			knownRegions = (
				en,
				Base,
			);
			mainGroup = AEEC85581F18B8C600D43B9B;
			productRefGroup = AEEC85621F18B8C600D43B9B /* Products */;
			projectDirPath = "";
			projectRoot = "";
			targets = (
				AEEC85601F18B8C600D43B9B /* Assistance App */,
			);
		};
/* End PBXProject section */

/* Begin PBXResourcesBuildPhase section */
		AEEC855F1F18B8C600D43B9B /* Resources */ = {
			isa = PBXResourcesBuildPhase;
			buildActionMask = 2147483647;
			files = (
				E5383B6D1FD4269000E7F9E3 /* info.html in Resources */,
				E5383B6F1FD4269000E7F9E3 /* Models.scnassets in Resources */,
				AEEC85711F18B8C600D43B9B /* LaunchScreen.storyboard in Resources */,
				AEEC856E1F18B8C600D43B9B /* Assets.xcassets in Resources */,
				E5383B6E1FD4269000E7F9E3 /* Assets.xcassets in Resources */,
				AEEC856C1F18B8C600D43B9B /* Main.storyboard in Resources */,
			);
			runOnlyForDeploymentPostprocessing = 0;
		};
/* End PBXResourcesBuildPhase section */

/* Begin PBXSourcesBuildPhase section */
		AEEC855D1F18B8C600D43B9B /* Sources */ = {
			isa = PBXSourcesBuildPhase;
			buildActionMask = 2147483647;
			files = (
				E5383B671FD4267100E7F9E3 /* LoadVirtualObjectsVC.swift in Sources */,
				E5383B771FD4269D00E7F9E3 /* FocusSquare.swift in Sources */,
				AEEC85691F18B8C600D43B9B /* ViewController.swift in Sources */,
				E5383B601FD4264C00E7F9E3 /* GalleryVC.swift in Sources */,
				E5383B591FD4263300E7F9E3 /* MainVC.swift in Sources */,
				E5383B5E1FD4264C00E7F9E3 /* GalleryCell.swift in Sources */,
				E5383B631FD4265800E7F9E3 /* InfoVC.swift in Sources */,
				E53DC1991FDB06DB0095847D /* SqueezeNet.mlmodel in Sources */,
				E5383B791FD4269D00E7F9E3 /* Gesture.swift in Sources */,
				E5383B851FD426AA00E7F9E3 /* Utility.swift in Sources */,
				E5383B751FD4269D00E7F9E3 /* HitTestVisualization.swift in Sources */,
				E5383B821FD426AA00E7F9E3 /* Constant.swift in Sources */,
				E5383B441FD41AB700E7F9E3 /* Inceptionv3.mlmodel in Sources */,
				E5383B611FD4264C00E7F9E3 /* GalleryDetailCell.swift in Sources */,
				E5383B781FD4269D00E7F9E3 /* Plane.swift in Sources */,
				E5383B391FD3FD4000E7F9E3 /* RoundedShadowButton.swift in Sources */,
				E5383B801FD426AA00E7F9E3 /* ARCameraTrackingState.swift in Sources */,
				E5383B3D1FD3FD4A00E7F9E3 /* CameraVC.swift in Sources */,
				AEEC85651F18B8C600D43B9B /* AppDelegate.swift in Sources */,
				E5383B761FD4269D00E7F9E3 /* PlaneDebugVisualization.swift in Sources */,
				E5383B5F1FD4264C00E7F9E3 /* GalleryDetailVC.swift in Sources */,
				E5383B841FD426AA00E7F9E3 /* TextManager.swift in Sources */,
				E5383B3F1FD3FD5400E7F9E3 /* WizardVC.swift in Sources */,
				E5383B3A1FD3FD4000E7F9E3 /* RoundedShadowImageView.swift in Sources */,
				E5383B3B1FD3FD4000E7F9E3 /* RoundedShadowView.swift in Sources */,
				E5383B811FD426AA00E7F9E3 /* Helper.swift in Sources */,
				E5383B661FD4267100E7F9E3 /* CustomAddObjectCell.swift in Sources */,
				E5383B831FD426AA00E7F9E3 /* VirtualModels.swift in Sources */,
				E5383B691FD4267B00E7F9E3 /* SettingsViewController.swift in Sources */,
			);
			runOnlyForDeploymentPostprocessing = 0;
		};
/* End PBXSourcesBuildPhase section */

/* Begin PBXVariantGroup section */
		AEEC856A1F18B8C600D43B9B /* Main.storyboard */ = {
			isa = PBXVariantGroup;
			children = (
				AEEC856B1F18B8C600D43B9B /* Base */,
			);
			name = Main.storyboard;
			sourceTree = "<group>";
		};
		AEEC856F1F18B8C600D43B9B /* LaunchScreen.storyboard */ = {
			isa = PBXVariantGroup;
			children = (
				AEEC85701F18B8C600D43B9B /* Base */,
			);
			name = LaunchScreen.storyboard;
			sourceTree = "<group>";
		};
/* End PBXVariantGroup section */

/* Begin XCBuildConfiguration section */
		AEEC85731F18B8C600D43B9B /* Debug */ = {
			isa = XCBuildConfiguration;
			buildSettings = {
				ALWAYS_SEARCH_USER_PATHS = NO;
				CLANG_ANALYZER_NONNULL = YES;
				CLANG_ANALYZER_NUMBER_OBJECT_CONVERSION = YES_AGGRESSIVE;
				CLANG_CXX_LANGUAGE_STANDARD = "gnu++14";
				CLANG_CXX_LIBRARY = "libc++";
				CLANG_ENABLE_MODULES = YES;
				CLANG_ENABLE_OBJC_ARC = YES;
				CLANG_WARN_BLOCK_CAPTURE_AUTORELEASING = YES;
				CLANG_WARN_BOOL_CONVERSION = YES;
				CLANG_WARN_COMMA = YES;
				CLANG_WARN_CONSTANT_CONVERSION = YES;
				CLANG_WARN_DIRECT_OBJC_ISA_USAGE = YES_ERROR;
				CLANG_WARN_DOCUMENTATION_COMMENTS = YES;
				CLANG_WARN_EMPTY_BODY = YES;
				CLANG_WARN_ENUM_CONVERSION = YES;
				CLANG_WARN_INFINITE_RECURSION = YES;
				CLANG_WARN_INT_CONVERSION = YES;
				CLANG_WARN_NON_LITERAL_NULL_CONVERSION = YES;
				CLANG_WARN_OBJC_LITERAL_CONVERSION = YES;
				CLANG_WARN_OBJC_ROOT_CLASS = YES_ERROR;
				CLANG_WARN_RANGE_LOOP_ANALYSIS = YES;
				CLANG_WARN_STRICT_PROTOTYPES = YES;
				CLANG_WARN_SUSPICIOUS_MOVE = YES;
				CLANG_WARN_UNGUARDED_AVAILABILITY = YES_AGGRESSIVE;
				CLANG_WARN_UNREACHABLE_CODE = YES;
				CLANG_WARN__DUPLICATE_METHOD_MATCH = YES;
				CODE_SIGN_IDENTITY = "iPhone Developer";
				COPY_PHASE_STRIP = NO;
				DEBUG_INFORMATION_FORMAT = dwarf;
				ENABLE_STRICT_OBJC_MSGSEND = YES;
				ENABLE_TESTABILITY = YES;
				GCC_C_LANGUAGE_STANDARD = gnu11;
				GCC_DYNAMIC_NO_PIC = NO;
				GCC_NO_COMMON_BLOCKS = YES;
				GCC_OPTIMIZATION_LEVEL = 0;
				GCC_PREPROCESSOR_DEFINITIONS = (
					"DEBUG=1",
					"$(inherited)",
				);
				GCC_WARN_64_TO_32_BIT_CONVERSION = YES;
				GCC_WARN_ABOUT_RETURN_TYPE = YES_ERROR;
				GCC_WARN_UNDECLARED_SELECTOR = YES;
				GCC_WARN_UNINITIALIZED_AUTOS = YES_AGGRESSIVE;
				GCC_WARN_UNUSED_FUNCTION = YES;
				GCC_WARN_UNUSED_VARIABLE = YES;
				IPHONEOS_DEPLOYMENT_TARGET = 11.0;
				MTL_ENABLE_DEBUG_INFO = YES;
				ONLY_ACTIVE_ARCH = YES;
				SDKROOT = iphoneos;
				SWIFT_ACTIVE_COMPILATION_CONDITIONS = DEBUG;
				SWIFT_OPTIMIZATION_LEVEL = "-Onone";
			};
			name = Debug;
		};
		AEEC85741F18B8C600D43B9B /* Release */ = {
			isa = XCBuildConfiguration;
			buildSettings = {
				ALWAYS_SEARCH_USER_PATHS = NO;
				CLANG_ANALYZER_NONNULL = YES;
				CLANG_ANALYZER_NUMBER_OBJECT_CONVERSION = YES_AGGRESSIVE;
				CLANG_CXX_LANGUAGE_STANDARD = "gnu++14";
				CLANG_CXX_LIBRARY = "libc++";
				CLANG_ENABLE_MODULES = YES;
				CLANG_ENABLE_OBJC_ARC = YES;
				CLANG_WARN_BLOCK_CAPTURE_AUTORELEASING = YES;
				CLANG_WARN_BOOL_CONVERSION = YES;
				CLANG_WARN_COMMA = YES;
				CLANG_WARN_CONSTANT_CONVERSION = YES;
				CLANG_WARN_DIRECT_OBJC_ISA_USAGE = YES_ERROR;
				CLANG_WARN_DOCUMENTATION_COMMENTS = YES;
				CLANG_WARN_EMPTY_BODY = YES;
				CLANG_WARN_ENUM_CONVERSION = YES;
				CLANG_WARN_INFINITE_RECURSION = YES;
				CLANG_WARN_INT_CONVERSION = YES;
				CLANG_WARN_NON_LITERAL_NULL_CONVERSION = YES;
				CLANG_WARN_OBJC_LITERAL_CONVERSION = YES;
				CLANG_WARN_OBJC_ROOT_CLASS = YES_ERROR;
				CLANG_WARN_RANGE_LOOP_ANALYSIS = YES;
				CLANG_WARN_STRICT_PROTOTYPES = YES;
				CLANG_WARN_SUSPICIOUS_MOVE = YES;
				CLANG_WARN_UNGUARDED_AVAILABILITY = YES_AGGRESSIVE;
				CLANG_WARN_UNREACHABLE_CODE = YES;
				CLANG_WARN__DUPLICATE_METHOD_MATCH = YES;
				CODE_SIGN_IDENTITY = "iPhone Developer";
				COPY_PHASE_STRIP = NO;
				DEBUG_INFORMATION_FORMAT = "dwarf-with-dsym";
				ENABLE_NS_ASSERTIONS = NO;
				ENABLE_STRICT_OBJC_MSGSEND = YES;
				GCC_C_LANGUAGE_STANDARD = gnu11;
				GCC_NO_COMMON_BLOCKS = YES;
				GCC_WARN_64_TO_32_BIT_CONVERSION = YES;
				GCC_WARN_ABOUT_RETURN_TYPE = YES_ERROR;
				GCC_WARN_UNDECLARED_SELECTOR = YES;
				GCC_WARN_UNINITIALIZED_AUTOS = YES_AGGRESSIVE;
				GCC_WARN_UNUSED_FUNCTION = YES;
				GCC_WARN_UNUSED_VARIABLE = YES;
				IPHONEOS_DEPLOYMENT_TARGET = 11.0;
				MTL_ENABLE_DEBUG_INFO = NO;
				SDKROOT = iphoneos;
				SWIFT_OPTIMIZATION_LEVEL = "-Owholemodule";
				VALIDATE_PRODUCT = YES;
			};
			name = Release;
		};
		AEEC85761F18B8C600D43B9B /* Debug */ = {
			isa = XCBuildConfiguration;
			buildSettings = {
				ASSETCATALOG_COMPILER_APPICON_NAME = AppIcon;
				"CODE_SIGN_IDENTITY[sdk=iphoneos*]" = "iPhone Developer";
				CODE_SIGN_STYLE = Automatic;
				DEVELOPMENT_TEAM = 7Q85U5UQU9;
				INFOPLIST_FILE = "Assistance App/Info.plist";
				LD_RUNPATH_SEARCH_PATHS = "$(inherited) @executable_path/Frameworks";
				PRODUCT_BUNDLE_IDENTIFIER = com.aparajita.application;
				PRODUCT_NAME = "$(TARGET_NAME)";
				PROVISIONING_PROFILE_SPECIFIER = "";
				SWIFT_VERSION = 4.0;
				TARGETED_DEVICE_FAMILY = "1,2";
			};
			name = Debug;
		};
		AEEC85771F18B8C600D43B9B /* Release */ = {
			isa = XCBuildConfiguration;
			buildSettings = {
				ASSETCATALOG_COMPILER_APPICON_NAME = AppIcon;
				"CODE_SIGN_IDENTITY[sdk=iphoneos*]" = "iPhone Developer";
				CODE_SIGN_STYLE = Automatic;
				DEVELOPMENT_TEAM = 7Q85U5UQU9;
				INFOPLIST_FILE = "Assistance App/Info.plist";
				LD_RUNPATH_SEARCH_PATHS = "$(inherited) @executable_path/Frameworks";
				PRODUCT_BUNDLE_IDENTIFIER = com.aparajita.application;
				PRODUCT_NAME = "$(TARGET_NAME)";
				PROVISIONING_PROFILE_SPECIFIER = "";
				SWIFT_VERSION = 4.0;
				TARGETED_DEVICE_FAMILY = "1,2";
			};
			name = Release;
		};
/* End XCBuildConfiguration section */

/* Begin XCConfigurationList section */
		AEEC855C1F18B8C600D43B9B /* Build configuration list for PBXProject "Assistance App" */ = {
			isa = XCConfigurationList;
			buildConfigurations = (
				AEEC85731F18B8C600D43B9B /* Debug */,
				AEEC85741F18B8C600D43B9B /* Release */,
			);
			defaultConfigurationIsVisible = 0;
			defaultConfigurationName = Release;
		};
		AEEC85751F18B8C600D43B9B /* Build configuration list for PBXNativeTarget "Assistance App" */ = {
			isa = XCConfigurationList;
			buildConfigurations = (
				AEEC85761F18B8C600D43B9B /* Debug */,
				AEEC85771F18B8C600D43B9B /* Release */,
			);
			defaultConfigurationIsVisible = 0;
			defaultConfigurationName = Release;
		};
/* End XCConfigurationList section */
	};
	rootObject = AEEC85591F18B8C600D43B9B /* Project object */;
}
